PODS:
  - Down (0.11.0)
  - Flutter (1.0.0)
  - integration_test (0.0.1):
    - Flutter
  - kustomer_native_plugin (0.0.3):
    - Flutter
    - KustomerChat
  - KustomerChat (4.1.5):
    - Down (~> 0.11.0)
    - PubNubSwift (~> 6.3.0)
  - PubNubSwift (6.3.0)

DEPENDENCIES:
  - Flutter (from `Flutter`)
  - integration_test (from `.symlinks/plugins/integration_test/ios`)
  - kustomer_native_plugin (from `.symlinks/plugins/kustomer_native_plugin/ios`)

SPEC REPOS:
  trunk:
    - Down
    - KustomerChat
    - PubNubSwift

EXTERNAL SOURCES:
  Flutter:
    :path: Flutter
  integration_test:
    :path: ".symlinks/plugins/integration_test/ios"
  kustomer_native_plugin:
    :path: ".symlinks/plugins/kustomer_native_plugin/ios"

SPEC CHECKSUMS:
  Down: b6ba1bc985c9d2f4e15e3b293d2207766fa12612
  Flutter: e0871f40cf51350855a761d2e70bf5af5b9b5de7
  integration_test: ce0a3ffa1de96d1a89ca0ac26fca7ea18a749ef4
  kustomer_native_plugin: ce5825d0c77c488daa75985cbd0fd25f76e3da8a
  KustomerChat: ea221662dfc33e6f40678da33c8f1b58e5b843bf
  PubNubSwift: 08d33c3002cb8d3e8bf314cd1f973b3926ff88f2

PODFILE CHECKSUM: 819463e6a0290f5a72f145ba7cde16e8b6ef0796

COCOAPODS: 1.15.2
